
Microsoft Visual Studio Solution File, Format Version 11.00
# Visual Studio 2010
Project("{159641D6-6404-4A2A-AE62-294DE0FE8301}") = "Averify_Load_Project", "Averify_Load_Project\Averify_Load_Project.dtproj", "{44A26E48-5A2D-4497-809E-2CF0E70AB623}"
EndProject
Global
	GlobalSection(SolutionConfigurationPlatforms) = preSolution
		Development|Default = Development|Default
	EndGlobalSection
	GlobalSection(ProjectConfigurationPlatforms) = postSolution
		{44A26E48-5A2D-4497-809E-2CF0E70AB623}.Development|Default.ActiveCfg = Development
		{44A26E48-5A2D-4497-809E-2CF0E70AB623}.Development|Default.Build.0 = Development
	EndGlobalSection
	GlobalSection(SolutionProperties) = preSolution
		HideSolutionNode = FALSE
	EndGlobalSection
EndGlobal
